
Microsoft Visual Studio Solution File, Format Version 12.00
# Visual Studio Version 16
VisualStudioVersion = 16.0.30717.126
MinimumVisualStudioVersion = 10.0.40219.1
Project("{9A19103F-16F7-4668-BE54-9A1E7A4F7556}") = "RoversForMars", "RoversForMars\RoversForMars.csproj", "{5B641F4D-E423-4DCB-AA60-5D0DECBC745B}"
EndProject
Project("{9A19103F-16F7-4668-BE54-9A1E7A4F7556}") = "RoversForMars.Domain", "RoversForMars.Domain\RoversForMars.Domain.csproj", "{2D183677-E7E0-41A2-A8E5-66A724506257}"
EndProject
Project("{9A19103F-16F7-4668-BE54-9A1E7A4F7556}") = "RoversForMars.Domain.Core", "RoversForMars.Domain.Core\RoversForMars.Domain.Core.csproj", "{DFF1F693-9E11-459F-8CE5-B68F603EA5BF}"
EndProject
Project("{9A19103F-16F7-4668-BE54-9A1E7A4F7556}") = "RoversForMars.Application", "RoversForMars.Application\RoversForMars.Application.csproj", "{8EE24372-51F4-4287-B59D-E31E08729AD0}"
EndProject
Project("{FAE04EC0-301F-11D3-BF4B-00C04F79EFBC}") = "RoversForMars.Tests", "RoversForMars.Tests\RoversForMars.Tests.csproj", "{51413CE7-C00C-428B-AF15-56E4E80A827B}"
EndProject
Global
	GlobalSection(SolutionConfigurationPlatforms) = preSolution
		Debug|Any CPU = Debug|Any CPU
		Release|Any CPU = Release|Any CPU
	EndGlobalSection
	GlobalSection(ProjectConfigurationPlatforms) = postSolution
		{5B641F4D-E423-4DCB-AA60-5D0DECBC745B}.Debug|Any CPU.ActiveCfg = Debug|Any CPU
		{5B641F4D-E423-4DCB-AA60-5D0DECBC745B}.Debug|Any CPU.Build.0 = Debug|Any CPU
		{5B641F4D-E423-4DCB-AA60-5D0DECBC745B}.Release|Any CPU.ActiveCfg = Release|Any CPU
		{5B641F4D-E423-4DCB-AA60-5D0DECBC745B}.Release|Any CPU.Build.0 = Release|Any CPU
		{2D183677-E7E0-41A2-A8E5-66A724506257}.Debug|Any CPU.ActiveCfg = Debug|Any CPU
		{2D183677-E7E0-41A2-A8E5-66A724506257}.Debug|Any CPU.Build.0 = Debug|Any CPU
		{2D183677-E7E0-41A2-A8E5-66A724506257}.Release|Any CPU.ActiveCfg = Release|Any CPU
		{2D183677-E7E0-41A2-A8E5-66A724506257}.Release|Any CPU.Build.0 = Release|Any CPU
		{DFF1F693-9E11-459F-8CE5-B68F603EA5BF}.Debug|Any CPU.ActiveCfg = Debug|Any CPU
		{DFF1F693-9E11-459F-8CE5-B68F603EA5BF}.Debug|Any CPU.Build.0 = Debug|Any CPU
		{DFF1F693-9E11-459F-8CE5-B68F603EA5BF}.Release|Any CPU.ActiveCfg = Release|Any CPU
		{DFF1F693-9E11-459F-8CE5-B68F603EA5BF}.Release|Any CPU.Build.0 = Release|Any CPU
		{8EE24372-51F4-4287-B59D-E31E08729AD0}.Debug|Any CPU.ActiveCfg = Debug|Any CPU
		{8EE24372-51F4-4287-B59D-E31E08729AD0}.Debug|Any CPU.Build.0 = Debug|Any CPU
		{8EE24372-51F4-4287-B59D-E31E08729AD0}.Release|Any CPU.ActiveCfg = Release|Any CPU
		{8EE24372-51F4-4287-B59D-E31E08729AD0}.Release|Any CPU.Build.0 = Release|Any CPU
		{51413CE7-C00C-428B-AF15-56E4E80A827B}.Debug|Any CPU.ActiveCfg = Debug|Any CPU
		{51413CE7-C00C-428B-AF15-56E4E80A827B}.Debug|Any CPU.Build.0 = Debug|Any CPU
		{51413CE7-C00C-428B-AF15-56E4E80A827B}.Release|Any CPU.ActiveCfg = Release|Any CPU
		{51413CE7-C00C-428B-AF15-56E4E80A827B}.Release|Any CPU.Build.0 = Release|Any CPU
	EndGlobalSection
	GlobalSection(SolutionProperties) = preSolution
		HideSolutionNode = FALSE
	EndGlobalSection
	GlobalSection(ExtensibilityGlobals) = postSolution
		SolutionGuid = {1869C9CF-7DBE-4C8A-A745-AF3F44574FDD}
	EndGlobalSection
EndGlobal
